
Microsoft Visual Studio Solution File, Format Version 12.00
# Visual Studio Version 17
VisualStudioVersion = 17.14.36414.22 d17.14
MinimumVisualStudioVersion = 10.0.40219.1
Project("{FAE04EC0-301F-11D3-BF4B-00C04F79EFBC}") = "BACKDBSUPER", "BACKDBSUPER.csproj", "{840D5F15-4030-492A-A79C-55B81A9D4874}"
EndProject
Global
	GlobalSection(SolutionConfigurationPlatforms) = preSolution
		Debug|Any CPU = Debug|Any CPU
		Release|Any CPU = Release|Any CPU
	EndGlobalSection
	GlobalSection(ProjectConfigurationPlatforms) = postSolution
		{840D5F15-4030-492A-A79C-55B81A9D4874}.Debug|Any CPU.ActiveCfg = Debug|Any CPU
		{840D5F15-4030-492A-A79C-55B81A9D4874}.Debug|Any CPU.Build.0 = Debug|Any CPU
		{840D5F15-4030-492A-A79C-55B81A9D4874}.Release|Any CPU.ActiveCfg = Release|Any CPU
		{840D5F15-4030-492A-A79C-55B81A9D4874}.Release|Any CPU.Build.0 = Release|Any CPU
	EndGlobalSection
	GlobalSection(SolutionProperties) = preSolution
		HideSolutionNode = FALSE
	EndGlobalSection
	GlobalSection(ExtensibilityGlobals) = postSolution
		SolutionGuid = {7784ED7F-2FCE-4A2E-AFF7-485AE0B77F53}
	EndGlobalSection
EndGlobal
